// !$*UTF8*$!
{
	archiveVersion = 1;
	classes = {
	};
	objectVersion = 50;
	objects = {

/* Begin PBXBuildFile section */
		7EC9A9342504B404001ED5A6 /* SourceTableViewCell.m in Sources */ = {isa = PBXBuildFile; fileRef = 7EC9A9332504B404001ED5A6 /* SourceTableViewCell.m */; };
		7EFD987225042466008EED5E /* AppDelegate.m in Sources */ = {isa = PBXBuildFile; fileRef = 7EFD987125042466008EED5E /* AppDelegate.m */; };
		7EFD987525042466008EED5E /* SceneDelegate.m in Sources */ = {isa = PBXBuildFile; fileRef = 7EFD987425042466008EED5E /* SceneDelegate.m */; };
		7EFD987825042466008EED5E /* MainViewController.m in Sources */ = {isa = PBXBuildFile; fileRef = 7EFD987725042466008EED5E /* MainViewController.m */; };
		7EFD988025042467008EED5E /* LaunchScreen.storyboard in Resources */ = {isa = PBXBuildFile; fileRef = 7EFD987E25042467008EED5E /* LaunchScreen.storyboard */; };
		7EFD988325042467008EED5E /* main.m in Sources */ = {isa = PBXBuildFile; fileRef = 7EFD988225042467008EED5E /* main.m */; };
		7EFD988A25042491008EED5E /* Assets.xcassets in Resources */ = {isa = PBXBuildFile; fileRef = 7EFD988925042491008EED5E /* Assets.xcassets */; };
		7EFD988C250424D3008EED5E /* Main.storyboard in Resources */ = {isa = PBXBuildFile; fileRef = 7EFD988B250424D3008EED5E /* Main.storyboard */; };
		7EFD989325042FE2008EED5E /* Source.m in Sources */ = {isa = PBXBuildFile; fileRef = 7EFD989225042FE2008EED5E /* Source.m */; };
		7EFD989825043018008EED5E /* Work.m in Sources */ = {isa = PBXBuildFile; fileRef = 7EFD989725043018008EED5E /* Work.m */; };
		7EFD989B2504302D008EED5E /* WorkSection.m in Sources */ = {isa = PBXBuildFile; fileRef = 7EFD989A2504302D008EED5E /* WorkSection.m */; };
		7EFD989E250433F7008EED5E /* SourceController.m in Sources */ = {isa = PBXBuildFile; fileRef = 7EFD989D250433F7008EED5E /* SourceController.m */; };
		7EFD98A125044181008EED5E /* WorkSelectionTableViewController.m in Sources */ = {isa = PBXBuildFile; fileRef = 7EFD98A025044181008EED5E /* WorkSelectionTableViewController.m */; };
		7EFD98A425044189008EED5E /* ReaderTableViewController.m in Sources */ = {isa = PBXBuildFile; fileRef = 7EFD98A325044189008EED5E /* ReaderTableViewController.m */; };
/* End PBXBuildFile section */

/* Begin PBXFileReference section */
		7EC9A9322504B404001ED5A6 /* SourceTableViewCell.h */ = {isa = PBXFileReference; lastKnownFileType = sourcecode.c.h; path = SourceTableViewCell.h; sourceTree = "<group>"; };
		7EC9A9332504B404001ED5A6 /* SourceTableViewCell.m */ = {isa = PBXFileReference; lastKnownFileType = sourcecode.c.objc; path = SourceTableViewCell.m; sourceTree = "<group>"; };
		7EFD986D25042466008EED5E /* LinguaMortua.app */ = {isa = PBXFileReference; explicitFileType = wrapper.application; includeInIndex = 0; path = LinguaMortua.app; sourceTree = BUILT_PRODUCTS_DIR; };
		7EFD987025042466008EED5E /* AppDelegate.h */ = {isa = PBXFileReference; lastKnownFileType = sourcecode.c.h; path = AppDelegate.h; sourceTree = "<group>"; };
		7EFD987125042466008EED5E /* AppDelegate.m */ = {isa = PBXFileReference; lastKnownFileType = sourcecode.c.objc; path = AppDelegate.m; sourceTree = "<group>"; };
		7EFD987325042466008EED5E /* SceneDelegate.h */ = {isa = PBXFileReference; lastKnownFileType = sourcecode.c.h; path = SceneDelegate.h; sourceTree = "<group>"; };
		7EFD987425042466008EED5E /* SceneDelegate.m */ = {isa = PBXFileReference; lastKnownFileType = sourcecode.c.objc; path = SceneDelegate.m; sourceTree = "<group>"; };
		7EFD987625042466008EED5E /* MainViewController.h */ = {isa = PBXFileReference; lastKnownFileType = sourcecode.c.h; path = MainViewController.h; sourceTree = "<group>"; };
		7EFD987725042466008EED5E /* MainViewController.m */ = {isa = PBXFileReference; lastKnownFileType = sourcecode.c.objc; path = MainViewController.m; sourceTree = "<group>"; };
		7EFD987F25042467008EED5E /* Base */ = {isa = PBXFileReference; lastKnownFileType = file.storyboard; name = Base; path = Base.lproj/LaunchScreen.storyboard; sourceTree = "<group>"; };
		7EFD988125042467008EED5E /* Info.plist */ = {isa = PBXFileReference; lastKnownFileType = text.plist.xml; path = Info.plist; sourceTree = "<group>"; };
		7EFD988225042467008EED5E /* main.m */ = {isa = PBXFileReference; lastKnownFileType = sourcecode.c.objc; path = main.m; sourceTree = "<group>"; };
		7EFD988925042491008EED5E /* Assets.xcassets */ = {isa = PBXFileReference; lastKnownFileType = folder.assetcatalog; path = Assets.xcassets; sourceTree = "<group>"; };
		7EFD988B250424D3008EED5E /* Main.storyboard */ = {isa = PBXFileReference; fileEncoding = 4; lastKnownFileType = file.storyboard; path = Main.storyboard; sourceTree = "<group>"; };
		7EFD989125042FE2008EED5E /* Source.h */ = {isa = PBXFileReference; lastKnownFileType = sourcecode.c.h; path = Source.h; sourceTree = "<group>"; };
		7EFD989225042FE2008EED5E /* Source.m */ = {isa = PBXFileReference; lastKnownFileType = sourcecode.c.objc; path = Source.m; sourceTree = "<group>"; };
		7EFD989625043018008EED5E /* Work.h */ = {isa = PBXFileReference; lastKnownFileType = sourcecode.c.h; path = Work.h; sourceTree = "<group>"; };
		7EFD989725043018008EED5E /* Work.m */ = {isa = PBXFileReference; lastKnownFileType = sourcecode.c.objc; path = Work.m; sourceTree = "<group>"; };
		7EFD98992504302D008EED5E /* WorkSection.h */ = {isa = PBXFileReference; lastKnownFileType = sourcecode.c.h; path = WorkSection.h; sourceTree = "<group>"; };
		7EFD989A2504302D008EED5E /* WorkSection.m */ = {isa = PBXFileReference; lastKnownFileType = sourcecode.c.objc; path = WorkSection.m; sourceTree = "<group>"; };
		7EFD989C250433F7008EED5E /* SourceController.h */ = {isa = PBXFileReference; lastKnownFileType = sourcecode.c.h; path = SourceController.h; sourceTree = "<group>"; };
		7EFD989D250433F7008EED5E /* SourceController.m */ = {isa = PBXFileReference; lastKnownFileType = sourcecode.c.objc; path = SourceController.m; sourceTree = "<group>"; };
		7EFD989F25044181008EED5E /* WorkSelectionTableViewController.h */ = {isa = PBXFileReference; lastKnownFileType = sourcecode.c.h; path = WorkSelectionTableViewController.h; sourceTree = "<group>"; };
		7EFD98A025044181008EED5E /* WorkSelectionTableViewController.m */ = {isa = PBXFileReference; lastKnownFileType = sourcecode.c.objc; path = WorkSelectionTableViewController.m; sourceTree = "<group>"; };
		7EFD98A225044189008EED5E /* ReaderTableViewController.h */ = {isa = PBXFileReference; lastKnownFileType = sourcecode.c.h; path = ReaderTableViewController.h; sourceTree = "<group>"; };
		7EFD98A325044189008EED5E /* ReaderTableViewController.m */ = {isa = PBXFileReference; lastKnownFileType = sourcecode.c.objc; path = ReaderTableViewController.m; sourceTree = "<group>"; };
/* End PBXFileReference section */

/* Begin PBXFrameworksBuildPhase section */
		7EFD986A25042466008EED5E /* Frameworks */ = {
			isa = PBXFrameworksBuildPhase;
			buildActionMask = 2147483647;
			files = (
			);
			runOnlyForDeploymentPostprocessing = 0;
		};
/* End PBXFrameworksBuildPhase section */

/* Begin PBXGroup section */
		7EFD986425042466008EED5E = {
			isa = PBXGroup;
			children = (
				7EFD986F25042466008EED5E /* LinguaMortua */,
				7EFD986E25042466008EED5E /* Products */,
			);
			sourceTree = "<group>";
		};
		7EFD986E25042466008EED5E /* Products */ = {
			isa = PBXGroup;
			children = (
				7EFD986D25042466008EED5E /* LinguaMortua.app */,
			);
			name = Products;
			sourceTree = "<group>";
		};
		7EFD986F25042466008EED5E /* LinguaMortua */ = {
			isa = PBXGroup;
			children = (
				7EFD988B250424D3008EED5E /* Main.storyboard */,
				7EFD9890250426A8008EED5E /* Classes */,
				7EFD988F2504268B008EED5E /* Resources */,
			);
			path = LinguaMortua;
			sourceTree = "<group>";
		};
		7EFD988F2504268B008EED5E /* Resources */ = {
			isa = PBXGroup;
			children = (
				7EFD987025042466008EED5E /* AppDelegate.h */,
				7EFD987125042466008EED5E /* AppDelegate.m */,
				7EFD987325042466008EED5E /* SceneDelegate.h */,
				7EFD987425042466008EED5E /* SceneDelegate.m */,
				7EFD987E25042467008EED5E /* LaunchScreen.storyboard */,
				7EFD988125042467008EED5E /* Info.plist */,
				7EFD988225042467008EED5E /* main.m */,
				7EFD988925042491008EED5E /* Assets.xcassets */,
			);
			path = Resources;
			sourceTree = "<group>";
		};
		7EFD9890250426A8008EED5E /* Classes */ = {
			isa = PBXGroup;
			children = (
				7EFD989525042FEE008EED5E /* UI */,
				7EFD989425042FE7008EED5E /* Sources */,
			);
			path = Classes;
			sourceTree = "<group>";
		};
		7EFD989425042FE7008EED5E /* Sources */ = {
			isa = PBXGroup;
			children = (
				7EFD989C250433F7008EED5E /* SourceController.h */,
				7EFD989D250433F7008EED5E /* SourceController.m */,
				7EFD989125042FE2008EED5E /* Source.h */,
				7EFD989225042FE2008EED5E /* Source.m */,
				7EFD989625043018008EED5E /* Work.h */,
				7EFD989725043018008EED5E /* Work.m */,
				7EFD98992504302D008EED5E /* WorkSection.h */,
				7EFD989A2504302D008EED5E /* WorkSection.m */,
			);
			path = Sources;
			sourceTree = "<group>";
		};
		7EFD989525042FEE008EED5E /* UI */ = {
			isa = PBXGroup;
			children = (
				7EFD987625042466008EED5E /* MainViewController.h */,
				7EFD987725042466008EED5E /* MainViewController.m */,
				7EFD989F25044181008EED5E /* WorkSelectionTableViewController.h */,
				7EFD98A025044181008EED5E /* WorkSelectionTableViewController.m */,
				7EFD98A225044189008EED5E /* ReaderTableViewController.h */,
				7EFD98A325044189008EED5E /* ReaderTableViewController.m */,
				7EC9A9322504B404001ED5A6 /* SourceTableViewCell.h */,
				7EC9A9332504B404001ED5A6 /* SourceTableViewCell.m */,
			);
			path = UI;
			sourceTree = "<group>";
		};
/* End PBXGroup section */

/* Begin PBXNativeTarget section */
		7EFD986C25042466008EED5E /* LinguaMortua */ = {
			isa = PBXNativeTarget;
			buildConfigurationList = 7EFD988625042467008EED5E /* Build configuration list for PBXNativeTarget "LinguaMortua" */;
			buildPhases = (
				7EFD986925042466008EED5E /* Sources */,
				7EFD986A25042466008EED5E /* Frameworks */,
				7EFD986B25042466008EED5E /* Resources */,
			);
			buildRules = (
			);
			dependencies = (
			);
			name = LinguaMortua;
			productName = LinguaMortua;
			productReference = 7EFD986D25042466008EED5E /* LinguaMortua.app */;
			productType = "com.apple.product-type.application";
		};
/* End PBXNativeTarget section */

/* Begin PBXProject section */
		7EFD986525042466008EED5E /* Project object */ = {
			isa = PBXProject;
			attributes = {
				LastUpgradeCheck = 1170;
				ORGANIZATIONNAME = Warren;
				TargetAttributes = {
					7EFD986C25042466008EED5E = {
						CreatedOnToolsVersion = 11.7;
					};
				};
			};
			buildConfigurationList = 7EFD986825042466008EED5E /* Build configuration list for PBXProject "LinguaMortua" */;
			compatibilityVersion = "Xcode 9.3";
			developmentRegion = en;
			hasScannedForEncodings = 0;
			knownRegions = (
				en,
				Base,
			);
			mainGroup = 7EFD986425042466008EED5E;
			productRefGroup = 7EFD986E25042466008EED5E /* Products */;
			projectDirPath = "";
			projectRoot = "";
			targets = (
				7EFD986C25042466008EED5E /* LinguaMortua */,
			);
		};
/* End PBXProject section */

/* Begin PBXResourcesBuildPhase section */
		7EFD986B25042466008EED5E /* Resources */ = {
			isa = PBXResourcesBuildPhase;
			buildActionMask = 2147483647;
			files = (
				7EFD988C250424D3008EED5E /* Main.storyboard in Resources */,
				7EFD988025042467008EED5E /* LaunchScreen.storyboard in Resources */,
				7EFD988A25042491008EED5E /* Assets.xcassets in Resources */,
			);
			runOnlyForDeploymentPostprocessing = 0;
		};
/* End PBXResourcesBuildPhase section */

/* Begin PBXSourcesBuildPhase section */
		7EFD986925042466008EED5E /* Sources */ = {
			isa = PBXSourcesBuildPhase;
			buildActionMask = 2147483647;
			files = (
				7EFD98A125044181008EED5E /* WorkSelectionTableViewController.m in Sources */,
				7EFD987825042466008EED5E /* MainViewController.m in Sources */,
				7EFD987225042466008EED5E /* AppDelegate.m in Sources */,
				7EFD989E250433F7008EED5E /* SourceController.m in Sources */,
				7EC9A9342504B404001ED5A6 /* SourceTableViewCell.m in Sources */,
				7EFD98A425044189008EED5E /* ReaderTableViewController.m in Sources */,
				7EFD988325042467008EED5E /* main.m in Sources */,
				7EFD989325042FE2008EED5E /* Source.m in Sources */,
				7EFD989825043018008EED5E /* Work.m in Sources */,
				7EFD987525042466008EED5E /* SceneDelegate.m in Sources */,
				7EFD989B2504302D008EED5E /* WorkSection.m in Sources */,
			);
			runOnlyForDeploymentPostprocessing = 0;
		};
/* End PBXSourcesBuildPhase section */

/* Begin PBXVariantGroup section */
		7EFD987E25042467008EED5E /* LaunchScreen.storyboard */ = {
			isa = PBXVariantGroup;
			children = (
				7EFD987F25042467008EED5E /* Base */,
			);
			name = LaunchScreen.storyboard;
			sourceTree = "<group>";
		};
/* End PBXVariantGroup section */

/* Begin XCBuildConfiguration section */
		7EFD988425042467008EED5E /* Debug */ = {
			isa = XCBuildConfiguration;
			buildSettings = {
				ALWAYS_SEARCH_USER_PATHS = NO;
				CLANG_ANALYZER_NONNULL = YES;
				CLANG_ANALYZER_NUMBER_OBJECT_CONVERSION = YES_AGGRESSIVE;
				CLANG_CXX_LANGUAGE_STANDARD = "gnu++14";
				CLANG_CXX_LIBRARY = "libc++";
				CLANG_ENABLE_MODULES = YES;
				CLANG_ENABLE_OBJC_ARC = YES;
				CLANG_ENABLE_OBJC_WEAK = YES;
				CLANG_WARN_BLOCK_CAPTURE_AUTORELEASING = YES;
				CLANG_WARN_BOOL_CONVERSION = YES;
				CLANG_WARN_COMMA = YES;
				CLANG_WARN_CONSTANT_CONVERSION = YES;
				CLANG_WARN_DEPRECATED_OBJC_IMPLEMENTATIONS = YES;
				CLANG_WARN_DIRECT_OBJC_ISA_USAGE = YES_ERROR;
				CLANG_WARN_DOCUMENTATION_COMMENTS = YES;
				CLANG_WARN_EMPTY_BODY = YES;
				CLANG_WARN_ENUM_CONVERSION = YES;
				CLANG_WARN_INFINITE_RECURSION = YES;
				CLANG_WARN_INT_CONVERSION = YES;
				CLANG_WARN_NON_LITERAL_NULL_CONVERSION = YES;
				CLANG_WARN_OBJC_IMPLICIT_RETAIN_SELF = YES;
				CLANG_WARN_OBJC_LITERAL_CONVERSION = YES;
				CLANG_WARN_OBJC_ROOT_CLASS = YES_ERROR;
				CLANG_WARN_RANGE_LOOP_ANALYSIS = YES;
				CLANG_WARN_STRICT_PROTOTYPES = YES;
				CLANG_WARN_SUSPICIOUS_MOVE = YES;
				CLANG_WARN_UNGUARDED_AVAILABILITY = YES_AGGRESSIVE;
				CLANG_WARN_UNREACHABLE_CODE = YES;
				CLANG_WARN__DUPLICATE_METHOD_MATCH = YES;
				COPY_PHASE_STRIP = NO;
				DEBUG_INFORMATION_FORMAT = dwarf;
				ENABLE_STRICT_OBJC_MSGSEND = YES;
				ENABLE_TESTABILITY = YES;
				GCC_C_LANGUAGE_STANDARD = gnu11;
				GCC_DYNAMIC_NO_PIC = NO;
				GCC_NO_COMMON_BLOCKS = YES;
				GCC_OPTIMIZATION_LEVEL = 0;
				GCC_PREPROCESSOR_DEFINITIONS = (
					"DEBUG=1",
					"$(inherited)",
				);
				GCC_WARN_64_TO_32_BIT_CONVERSION = YES;
				GCC_WARN_ABOUT_RETURN_TYPE = YES_ERROR;
				GCC_WARN_UNDECLARED_SELECTOR = YES;
				GCC_WARN_UNINITIALIZED_AUTOS = YES_AGGRESSIVE;
				GCC_WARN_UNUSED_FUNCTION = YES;
				GCC_WARN_UNUSED_VARIABLE = YES;
				IPHONEOS_DEPLOYMENT_TARGET = 13.7;
				MTL_ENABLE_DEBUG_INFO = INCLUDE_SOURCE;
				MTL_FAST_MATH = YES;
				ONLY_ACTIVE_ARCH = YES;
				SDKROOT = iphoneos;
			};
			name = Debug;
		};
		7EFD988525042467008EED5E /* Release */ = {
			isa = XCBuildConfiguration;
			buildSettings = {
				ALWAYS_SEARCH_USER_PATHS = NO;
				CLANG_ANALYZER_NONNULL = YES;
				CLANG_ANALYZER_NUMBER_OBJECT_CONVERSION = YES_AGGRESSIVE;
				CLANG_CXX_LANGUAGE_STANDARD = "gnu++14";
				CLANG_CXX_LIBRARY = "libc++";
				CLANG_ENABLE_MODULES = YES;
				CLANG_ENABLE_OBJC_ARC = YES;
				CLANG_ENABLE_OBJC_WEAK = YES;
				CLANG_WARN_BLOCK_CAPTURE_AUTORELEASING = YES;
				CLANG_WARN_BOOL_CONVERSION = YES;
				CLANG_WARN_COMMA = YES;
				CLANG_WARN_CONSTANT_CONVERSION = YES;
				CLANG_WARN_DEPRECATED_OBJC_IMPLEMENTATIONS = YES;
				CLANG_WARN_DIRECT_OBJC_ISA_USAGE = YES_ERROR;
				CLANG_WARN_DOCUMENTATION_COMMENTS = YES;
				CLANG_WARN_EMPTY_BODY = YES;
				CLANG_WARN_ENUM_CONVERSION = YES;
				CLANG_WARN_INFINITE_RECURSION = YES;
				CLANG_WARN_INT_CONVERSION = YES;
				CLANG_WARN_NON_LITERAL_NULL_CONVERSION = YES;
				CLANG_WARN_OBJC_IMPLICIT_RETAIN_SELF = YES;
				CLANG_WARN_OBJC_LITERAL_CONVERSION = YES;
				CLANG_WARN_OBJC_ROOT_CLASS = YES_ERROR;
				CLANG_WARN_RANGE_LOOP_ANALYSIS = YES;
				CLANG_WARN_STRICT_PROTOTYPES = YES;
				CLANG_WARN_SUSPICIOUS_MOVE = YES;
				CLANG_WARN_UNGUARDED_AVAILABILITY = YES_AGGRESSIVE;
				CLANG_WARN_UNREACHABLE_CODE = YES;
				CLANG_WARN__DUPLICATE_METHOD_MATCH = YES;
				COPY_PHASE_STRIP = NO;
				DEBUG_INFORMATION_FORMAT = "dwarf-with-dsym";
				ENABLE_NS_ASSERTIONS = NO;
				ENABLE_STRICT_OBJC_MSGSEND = YES;
				GCC_C_LANGUAGE_STANDARD = gnu11;
				GCC_NO_COMMON_BLOCKS = YES;
				GCC_WARN_64_TO_32_BIT_CONVERSION = YES;
				GCC_WARN_ABOUT_RETURN_TYPE = YES_ERROR;
				GCC_WARN_UNDECLARED_SELECTOR = YES;
				GCC_WARN_UNINITIALIZED_AUTOS = YES_AGGRESSIVE;
				GCC_WARN_UNUSED_FUNCTION = YES;
				GCC_WARN_UNUSED_VARIABLE = YES;
				IPHONEOS_DEPLOYMENT_TARGET = 13.7;
				MTL_ENABLE_DEBUG_INFO = NO;
				MTL_FAST_MATH = YES;
				SDKROOT = iphoneos;
				VALIDATE_PRODUCT = YES;
			};
			name = Release;
		};
		7EFD988725042467008EED5E /* Debug */ = {
			isa = XCBuildConfiguration;
			buildSettings = {
				ASSETCATALOG_COMPILER_APPICON_NAME = AppIcon;
				CODE_SIGN_STYLE = Automatic;
				DEVELOPMENT_TEAM = HVDL2745KX;
				INFOPLIST_FILE = LinguaMortua/Resources/Info.plist;
				LD_RUNPATH_SEARCH_PATHS = (
					"$(inherited)",
					"@executable_path/Frameworks",
				);
				PRODUCT_BUNDLE_IDENTIFIER = com.warren.LinguaMortua;
				PRODUCT_NAME = "$(TARGET_NAME)";
				TARGETED_DEVICE_FAMILY = "1,2";
			};
			name = Debug;
		};
		7EFD988825042467008EED5E /* Release */ = {
			isa = XCBuildConfiguration;
			buildSettings = {
				ASSETCATALOG_COMPILER_APPICON_NAME = AppIcon;
				CODE_SIGN_STYLE = Automatic;
				DEVELOPMENT_TEAM = HVDL2745KX;
				INFOPLIST_FILE = LinguaMortua/Resources/Info.plist;
				LD_RUNPATH_SEARCH_PATHS = (
					"$(inherited)",
					"@executable_path/Frameworks",
				);
				PRODUCT_BUNDLE_IDENTIFIER = com.warren.LinguaMortua;
				PRODUCT_NAME = "$(TARGET_NAME)";
				TARGETED_DEVICE_FAMILY = "1,2";
			};
			name = Release;
		};
/* End XCBuildConfiguration section */

/* Begin XCConfigurationList section */
		7EFD986825042466008EED5E /* Build configuration list for PBXProject "LinguaMortua" */ = {
			isa = XCConfigurationList;
			buildConfigurations = (
				7EFD988425042467008EED5E /* Debug */,
				7EFD988525042467008EED5E /* Release */,
			);
			defaultConfigurationIsVisible = 0;
			defaultConfigurationName = Release;
		};
		7EFD988625042467008EED5E /* Build configuration list for PBXNativeTarget "LinguaMortua" */ = {
			isa = XCConfigurationList;
			buildConfigurations = (
				7EFD988725042467008EED5E /* Debug */,
				7EFD988825042467008EED5E /* Release */,
			);
			defaultConfigurationIsVisible = 0;
			defaultConfigurationName = Release;
		};
/* End XCConfigurationList section */
	};
	rootObject = 7EFD986525042466008EED5E /* Project object */;
}
